lockfileVersion: 5.3

specifiers:
  esbuild: ^0.12.28

devDependencies:
  esbuild: 0.12.28

packages:

  /esbuild/0.12.28:
    resolution: {integrity: sha512-pZ0FrWZXlvQOATlp14lRSk1N9GkeJ3vLIwOcUoo3ICQn9WNR4rWoNi81pbn6sC1iYUy7QPqNzI3+AEzokwyVcA==}
    hasBin: true
    requiresBuild: true
    dev: true
